Microsoft Visual Studio Solution File, Format Version 12.00
# Visual Studio Version 17
VisualStudioVersion = 17.5.2.0
MinimumVisualStudioVersion = 10.0.40219.1
Project("{FAE04EC0-301F-11D3-BF4B-00C04F79EFBC}") = "DuelRecords.Api", "DuelRecords.Api.csproj", "{E0751C66-8F8E-8610-28E8-F66F3EAE7C9E}"
EndProject
Global
	GlobalSection(SolutionConfigurationPlatforms) = preSolution
		Debug|Any CPU = Debug|Any CPU
		Release|Any CPU = Release|Any CPU
	EndGlobalSection
	GlobalSection(ProjectConfigurationPlatforms) = postSolution
		{E0751C66-8F8E-8610-28E8-F66F3EAE7C9E}.Debug|Any CPU.ActiveCfg = Debug|Any CPU
		{E0751C66-8F8E-8610-28E8-F66F3EAE7C9E}.Debug|Any CPU.Build.0 = Debug|Any CPU
		{E0751C66-8F8E-8610-28E8-F66F3EAE7C9E}.Release|Any CPU.ActiveCfg = Release|Any CPU
		{E0751C66-8F8E-8610-28E8-F66F3EAE7C9E}.Release|Any CPU.Build.0 = Release|Any CPU
	EndGlobalSection
	GlobalSection(SolutionProperties) = preSolution
		HideSolutionNode = FALSE
	EndGlobalSection
	GlobalSection(ExtensibilityGlobals) = postSolution
		SolutionGuid = {43DE7C18-3EF7-4397-860E-59CD564DE0F4}
	EndGlobalSection
EndGlobal
